
Microsoft Visual Studio Solution File, Format Version 12.00
# Visual Studio Version 16
VisualStudioVersion = 16.0.29306.81
MinimumVisualStudioVersion = 10.0.40219.1
Project("{8BC9CEB8-8B4A-11D0-8D11-00A0C91BC942}") = "lg1776", "lg1776\lg1776.vcxproj", "{7A27E425-DB45-4A55-9117-9E96AFD992C5}"
EndProject
Project("{8BC9CEB8-8B4A-11D0-8D11-00A0C91BC942}") = "lg1757", "lg1757\lg1757.vcxproj", "{A595935D-3F39-4492-AC9F-35844D3A10A1}"
EndProject
Project("{8BC9CEB8-8B4A-11D0-8D11-00A0C91BC942}") = "poj1611", "poj1611\poj1611.vcxproj", "{CE66AEB4-0720-4DDB-8BEE-6B437EAFF0D1}"
EndProject
Project("{8BC9CEB8-8B4A-11D0-8D11-00A0C91BC942}") = "模拟考H", "模拟考H\模拟考H.vcxproj", "{14934CB1-9CC9-49A7-9E00-C98045CCC769}"
EndProject
Project("{8BC9CEB8-8B4A-11D0-8D11-00A0C91BC942}") = "模拟考A", "模拟考A\模拟考A.vcxproj", "{92040954-E0A5-430F-BE8A-FBC35555FFCA}"
EndProject
Project("{8BC9CEB8-8B4A-11D0-8D11-00A0C91BC942}") = "模拟考F", "模拟考F\模拟考F.vcxproj", "{24E75472-2B3D-43E3-93B5-E4D92371460C}"
EndProject
Project("{8BC9CEB8-8B4A-11D0-8D11-00A0C91BC942}") = "模拟考D", "模拟考D\模拟考D.vcxproj", "{ED331CCE-8DA6-42FC-A7DA-4317093822A6}"
EndProject
Project("{8BC9CEB8-8B4A-11D0-8D11-00A0C91BC942}") = "模拟考G", "模拟考G\模拟考G.vcxproj", "{34AD9785-3050-448F-9582-CD5F7F50C424}"
EndProject
Project("{8BC9CEB8-8B4A-11D0-8D11-00A0C91BC942}") = "lg1439", "lg1439\lg1439.vcxproj", "{AFA3FA1A-1D01-401D-816A-A69946B16327}"
EndProject
Project("{8BC9CEB8-8B4A-11D0-8D11-00A0C91BC942}") = "lg3774", "lg3374\lg3374.vcxproj", "{DDC32C61-2212-495C-BD60-218BCA56DF28}"
EndProject
Project("{8BC9CEB8-8B4A-11D0-8D11-00A0C91BC942}") = "poj3669", "poj3669\poj3669.vcxproj", "{9BDBD54C-8B23-4B31-9AB9-EB9543FEBB63}"
EndProject
Project("{8BC9CEB8-8B4A-11D0-8D11-00A0C91BC942}") = "poj1979", "poj1979\poj1979.vcxproj", "{EB986A09-5B97-4021-8419-6C51C3465A8F}"
EndProject
Project("{8BC9CEB8-8B4A-11D0-8D11-00A0C91BC942}") = "poj3009", "poj3009\poj3009.vcxproj", "{9AE3F4F6-7724-4F73-9443-A34C0F4382FB}"
EndProject
Project("{8BC9CEB8-8B4A-11D0-8D11-00A0C91BC942}") = "模拟考C", "模拟考C\模拟考C.vcxproj", "{C621F1AA-0C1C-4E77-A1BD-96A834C5E978}"
EndProject
Project("{8BC9CEB8-8B4A-11D0-8D11-00A0C91BC942}") = "poj2253", "poj2253\poj2253.vcxproj", "{7F944129-C25A-405C-94B2-43FD645B68C8}"
EndProject
Project("{8BC9CEB8-8B4A-11D0-8D11-00A0C91BC942}") = "poj1860", "poj1860\poj1860.vcxproj", "{4B4AA5B1-7666-4DE9-92DD-51100F78A90F}"
EndProject
Project("{8BC9CEB8-8B4A-11D0-8D11-00A0C91BC942}") = "poj3267", "poj3267\poj3267.vcxproj", "{6D3E8BD5-B19E-4537-9CAB-6DE3104896CD}"
EndProject
Project("{8BC9CEB8-8B4A-11D0-8D11-00A0C91BC942}") = "poj1703", "poj1703\poj1703.vcxproj", "{AEF69C6E-58FE-4944-8531-4D521131195A}"
EndProject
Project("{8BC9CEB8-8B4A-11D0-8D11-00A0C91BC942}") = "poj2376", "poj2376\poj2376.vcxproj", "{CBB93D77-F696-4584-B772-FD3AB9BB23C1}"
EndProject
Project("{8BC9CEB8-8B4A-11D0-8D11-00A0C91BC942}") = "poj2385", "poj2385\poj2385.vcxproj", "{7A95784A-BBF7-4BB0-95E7-54F50B15E464}"
EndProject
Project("{8BC9CEB8-8B4A-11D0-8D11-00A0C91BC942}") = "poj2229", "poj2229\poj2229.vcxproj", "{5DA72BAA-E9DE-4B5C-8C65-AB5FC255667B}"
EndProject
Project("{8BC9CEB8-8B4A-11D0-8D11-00A0C91BC942}") = "poj1260", "poj1260\poj1260.vcxproj", "{3F26723A-54CF-46E8-A5D0-6C50561D7D38}"
EndProject
Project("{8BC9CEB8-8B4A-11D0-8D11-00A0C91BC942}") = "poj3268", "poj3268\poj3268.vcxproj", "{F38D98A4-BC80-4EB5-8517-4FB87FE071A3}"
EndProject
Project("{8BC9CEB8-8B4A-11D0-8D11-00A0C91BC942}") = "poj3179", "poj3179\poj3179.vcxproj", "{E0ECBE4F-661A-4F42-A105-6935093FD9C4}"
EndProject
Project("{8BC9CEB8-8B4A-11D0-8D11-00A0C91BC942}") = "poj1836", "poj1836\poj1836.vcxproj", "{F53FA675-9C52-4E7D-8FF0-92C2872387DE}"
EndProject
Project("{8BC9CEB8-8B4A-11D0-8D11-00A0C91BC942}") = "poj2377", "poj2377\poj2377.vcxproj", "{58868875-24F1-4BC8-B269-D79F0D9BBC2E}"
EndProject
Project("{8BC9CEB8-8B4A-11D0-8D11-00A0C91BC942}") = "poj3616", "poj3616\poj3616.vcxproj", "{76B5BFD4-7C62-48D8-BE37-2A15CB1D4B61}"
EndProject
Project("{8BC9CEB8-8B4A-11D0-8D11-00A0C91BC942}") = "poj1742", "poj1742\poj1742.vcxproj", "{13A4B7A2-3236-42D3-BFB1-9A1634D278AC}"
EndProject
Project("{8BC9CEB8-8B4A-11D0-8D11-00A0C91BC942}") = "poj3046", "poj3046\poj3046.vcxproj", "{A80ECA56-3633-424B-B4CC-64E753E477F0}"
EndProject
Project("{8BC9CEB8-8B4A-11D0-8D11-00A0C91BC942}") = "poj3614", "poj3614\poj3614.vcxproj", "{6058F5E6-13C9-45A9-8927-A5F83D63FDB3}"
EndProject
Project("{8BC9CEB8-8B4A-11D0-8D11-00A0C91BC942}") = "poj2393", "poj2393\poj2393.vcxproj", "{78ACA857-6D75-4658-B014-042B40772D4F}"
EndProject
Project("{8BC9CEB8-8B4A-11D0-8D11-00A0C91BC942}") = "poj3181", "poj3181\poj3181.vcxproj", "{6D8B68AE-E558-4270-98DB-E705BC4BDE3C}"
EndProject
Project("{8BC9CEB8-8B4A-11D0-8D11-00A0C91BC942}") = "poj1065", "poj1065\poj1065.vcxproj", "{34990DD1-1F5D-4ECE-A94D-FA42AFDAB79B}"
EndProject
Project("{8BC9CEB8-8B4A-11D0-8D11-00A0C91BC942}") = "poj1631", "poj1631\poj1631.vcxproj", "{550D9B2E-F7CC-4307-9CB9-730CC479A97F}"
EndProject
Project("{8BC9CEB8-8B4A-11D0-8D11-00A0C91BC942}") = "poj1659", "poj1659\poj1659.vcxproj", "{944241D3-5206-4D7B-9C42-BF82EA07D3A4}"
EndProject
Project("{8BC9CEB8-8B4A-11D0-8D11-00A0C91BC942}") = "17tmC", "17tmC\17tmC.vcxproj", "{A7812553-EAC6-46D5-B85F-067895384204}"
EndProject
Project("{8BC9CEB8-8B4A-11D0-8D11-00A0C91BC942}") = "18xlyB", "18xlyB\18xlyB.vcxproj", "{03B705E9-D61A-481D-99DA-105FD2AD463B}"
EndProject
Project("{8BC9CEB8-8B4A-11D0-8D11-00A0C91BC942}") = "18xlyA", "18xlyA\18xlyA.vcxproj", "{8C5285B8-B65E-4CE4-B37F-5CAEE39DB095}"
EndProject
Project("{8BC9CEB8-8B4A-11D0-8D11-00A0C91BC942}") = "18xlyC", "18xlyC\18xlyC.vcxproj", "{084A6CA9-8937-4FCB-B5D4-AA9426E8E11A}"
EndProject
Project("{8BC9CEB8-8B4A-11D0-8D11-00A0C91BC942}") = "18xlyF", "18xlyF\18xlyF.vcxproj", "{3CE85C27-6237-4725-B635-B99759435E62}"
EndProject
Project("{8BC9CEB8-8B4A-11D0-8D11-00A0C91BC942}") = "18xlyD", "18xlyD\18xlyD.vcxproj", "{7941F023-5B3A-4D7E-A780-1CF074D8F5EC}"
EndProject
Project("{8BC9CEB8-8B4A-11D0-8D11-00A0C91BC942}") = "18xlyG", "18xlyG\18xlyG.vcxproj", "{169FE2F7-8902-4975-8933-37CF4F48F2C8}"
EndProject
Project("{8BC9CEB8-8B4A-11D0-8D11-00A0C91BC942}") = "18xllG", "18xllG\18xllG.vcxproj", "{47B390DB-A9FF-4A29-8A18-09FB9D29E0B2}"
EndProject
Project("{8BC9CEB8-8B4A-11D0-8D11-00A0C91BC942}") = "18xllB", "18xllB\18xllB.vcxproj", "{75CF7883-4448-45BA-ABF6-E3FDB2DAD930}"
EndProject
Project("{8BC9CEB8-8B4A-11D0-8D11-00A0C91BC942}") = "poj3713", "poj3713\poj3713.vcxproj", "{C0020439-C791-4C36-ADE6-5301D79205B5}"
EndProject
Project("{8BC9CEB8-8B4A-11D0-8D11-00A0C91BC942}") = "poj2987", "poj2987\poj2987.vcxproj", "{6EBAFDB4-A715-4C39-8522-44DB4712F123}"
EndProject
Project("{8BC9CEB8-8B4A-11D0-8D11-00A0C91BC942}") = "exec2A", "exec2A\exec2A.vcxproj", "{E263C5CE-E0E1-4438-ABAE-632DEE9BFDB1}"
EndProject
Project("{8BC9CEB8-8B4A-11D0-8D11-00A0C91BC942}") = "exec2B", "exec2B\exec2B.vcxproj", "{72B50912-E9F5-4803-B482-D5064F71BEBC}"
EndProject
Project("{8BC9CEB8-8B4A-11D0-8D11-00A0C91BC942}") = "exec3A", "exec3A\exec3A.vcxproj", "{0BFCBE42-12F1-42F6-AB18-016A4E223817}"
EndProject
Project("{8BC9CEB8-8B4A-11D0-8D11-00A0C91BC942}") = "exec3D", "exec3D\exec3D.vcxproj", "{A2485124-580E-479D-9328-3C4B0792E1E2}"
EndProject
Project("{8BC9CEB8-8B4A-11D0-8D11-00A0C91BC942}") = "exec3F", "exec3F\exec3F.vcxproj", "{3AF7F001-567B-4E67-B890-3E8E445840D6}"
EndProject
Project("{8BC9CEB8-8B4A-11D0-8D11-00A0C91BC942}") = "exec2E", "exec2E\exec2E.vcxproj", "{13CC9D68-D711-4103-B6FC-D5B407411F91}"
EndProject
Project("{8BC9CEB8-8B4A-11D0-8D11-00A0C91BC942}") = "poj2429", "poj2429\poj2429.vcxproj", "{C3F92622-65CB-4FAA-9EA5-3BCD7390DF2F}"
EndProject
Project("{8BC9CEB8-8B4A-11D0-8D11-00A0C91BC942}") = "poj3714", "poj3714\poj3714.vcxproj", "{77D0CB25-DAF4-427B-A6E6-43F4C7F29A39}"
EndProject
Project("{8BC9CEB8-8B4A-11D0-8D11-00A0C91BC942}") = "hdu1007", "hdu1007\hdu1007.vcxproj", "{587E081A-3953-40B4-A847-A3EED4932D4E}"
EndProject
Project("{8BC9CEB8-8B4A-11D0-8D11-00A0C91BC942}") = "lg1005", "lg1005\lg1005.vcxproj", "{E859DDA0-C278-4319-AD7F-E9C1B758C817}"
EndProject
Project("{8BC9CEB8-8B4A-11D0-8D11-00A0C91BC942}") = "lg1514", "lg1514\lg1514.vcxproj", "{1BA92B64-DBEE-4630-90C8-8D943A9010ED}"
EndProject
Project("{8BC9CEB8-8B4A-11D0-8D11-00A0C91BC942}") = "poj3258", "poj3258\poj3258.vcxproj", "{C3D735FD-48DB-4804-81DF-AFB9103F89B7}"
EndProject
Project("{8BC9CEB8-8B4A-11D0-8D11-00A0C91BC942}") = "poj2976", "poj2976\poj2976.vcxproj", "{3A776C60-CBF1-4D2F-9CD6-0A34B1609084}"
EndProject
Project("{8BC9CEB8-8B4A-11D0-8D11-00A0C91BC942}") = "poj1930", "poj1930\poj1930.vcxproj", "{1BA3BDC5-D97B-45F1-AF70-024EFECC33B4}"
EndProject
Project("{8BC9CEB8-8B4A-11D0-8D11-00A0C91BC942}") = "poj3579", "poj3579\poj3579.vcxproj", "{4CECEFBA-ECF0-4AD1-8723-FB878D8CB657}"
EndProject
Project("{8BC9CEB8-8B4A-11D0-8D11-00A0C91BC942}") = "poj3685", "poj3685\poj3685.vcxproj", "{695C3FA4-C8C1-4512-AB0B-DDCE60019709}"
EndProject
Project("{8BC9CEB8-8B4A-11D0-8D11-00A0C91BC942}") = "poj2010", "poj2010\poj2010.vcxproj", "{4EE71605-EF0C-4DA0-9EE5-27E82B2D4636}"
EndProject
Project("{8BC9CEB8-8B4A-11D0-8D11-00A0C91BC942}") = "poj2566", "poj2566\poj2566.vcxproj", "{743007E1-BAC8-4962-A99A-6FC5182F1EB4}"
EndProject
Project("{8BC9CEB8-8B4A-11D0-8D11-00A0C91BC942}") = "poj2739", "poj2739\poj2739.vcxproj", "{0664A38D-738A-431C-A0FE-63C41627CB68}"
EndProject
Project("{8BC9CEB8-8B4A-11D0-8D11-00A0C91BC942}") = "poj3185", "poj3185\poj3185.vcxproj", "{6321C7E5-4623-4F00-B410-116D52D07446}"
EndProject
Project("{8BC9CEB8-8B4A-11D0-8D11-00A0C91BC942}") = "poj1222", "poj1222\poj1222.vcxproj", "{73AD1E30-1C4D-4903-8C79-B8FEC2EE4798}"
EndProject
Project("{8BC9CEB8-8B4A-11D0-8D11-00A0C91BC942}") = "poj3662", "poj3662\poj3662.vcxproj", "{BF0FEAFF-7100-44E5-8E28-5C9D3E7DB6AA}"
EndProject
Project("{8BC9CEB8-8B4A-11D0-8D11-00A0C91BC942}") = "poj1258", "poj1258\poj1258.vcxproj", "{E12D5347-143E-4E1B-A245-5BBE6A53FE85}"
EndProject
Project("{8BC9CEB8-8B4A-11D0-8D11-00A0C91BC942}") = "poj2184", "poj2184\poj2184.vcxproj", "{78F56621-B9CC-4AF6-93B9-C7F9903B5D1E}"
EndProject
Project("{8BC9CEB8-8B4A-11D0-8D11-00A0C91BC942}") = "poj1862", "poj1862\poj1862.vcxproj", "{AF8D90F0-0388-4247-BC3B-47ACF784D8AC}"
EndProject
Project("{8BC9CEB8-8B4A-11D0-8D11-00A0C91BC942}") = "poj2392", "poj2392\poj2392.vcxproj", "{0A683729-D89D-476D-9336-D7215FC2ED0C}"
EndProject
Project("{8BC9CEB8-8B4A-11D0-8D11-00A0C91BC942}") = "poj3126", "poj3126\poj3126.vcxproj", "{5AB42BBD-0C5E-46D7-A6E3-499D1E3E1DAF}"
EndProject
Project("{8BC9CEB8-8B4A-11D0-8D11-00A0C91BC942}") = "poj3666", "poj3666\poj3666.vcxproj", "{1F54331A-45E5-474E-9C67-8AF46F4B7EEC}"
EndProject
Project("{8BC9CEB8-8B4A-11D0-8D11-00A0C91BC942}") = "poj3111", "poj3111\poj3111.vcxproj", "{CC8E2902-6A42-45E2-ADC5-63F4390ACAD2}"
EndProject
Global
	GlobalSection(SolutionConfigurationPlatforms) = preSolution
		Debug|x64 = Debug|x64
		Debug|x86 = Debug|x86
		Release|x64 = Release|x64
		Release|x86 = Release|x86
	EndGlobalSection
	GlobalSection(ProjectConfigurationPlatforms) = postSolution
		{7A27E425-DB45-4A55-9117-9E96AFD992C5}.Debug|x64.ActiveCfg = Debug|x64
		{7A27E425-DB45-4A55-9117-9E96AFD992C5}.Debug|x64.Build.0 = Debug|x64
		{7A27E425-DB45-4A55-9117-9E96AFD992C5}.Debug|x86.ActiveCfg = Debug|Win32
		{7A27E425-DB45-4A55-9117-9E96AFD992C5}.Debug|x86.Build.0 = Debug|Win32
		{7A27E425-DB45-4A55-9117-9E96AFD992C5}.Release|x64.ActiveCfg = Release|x64
		{7A27E425-DB45-4A55-9117-9E96AFD992C5}.Release|x64.Build.0 = Release|x64
		{7A27E425-DB45-4A55-9117-9E96AFD992C5}.Release|x86.ActiveCfg = Release|Win32
		{7A27E425-DB45-4A55-9117-9E96AFD992C5}.Release|x86.Build.0 = Release|Win32
		{A595935D-3F39-4492-AC9F-35844D3A10A1}.Debug|x64.ActiveCfg = Debug|x64
		{A595935D-3F39-4492-AC9F-35844D3A10A1}.Debug|x64.Build.0 = Debug|x64
		{A595935D-3F39-4492-AC9F-35844D3A10A1}.Debug|x86.ActiveCfg = Debug|Win32
		{A595935D-3F39-4492-AC9F-35844D3A10A1}.Debug|x86.Build.0 = Debug|Win32
		{A595935D-3F39-4492-AC9F-35844D3A10A1}.Release|x64.ActiveCfg = Release|x64
		{A595935D-3F39-4492-AC9F-35844D3A10A1}.Release|x64.Build.0 = Release|x64
		{A595935D-3F39-4492-AC9F-35844D3A10A1}.Release|x86.ActiveCfg = Release|Win32
		{A595935D-3F39-4492-AC9F-35844D3A10A1}.Release|x86.Build.0 = Release|Win32
		{CE66AEB4-0720-4DDB-8BEE-6B437EAFF0D1}.Debug|x64.ActiveCfg = Debug|x64
		{CE66AEB4-0720-4DDB-8BEE-6B437EAFF0D1}.Debug|x64.Build.0 = Debug|x64
		{CE66AEB4-0720-4DDB-8BEE-6B437EAFF0D1}.Debug|x86.ActiveCfg = Debug|Win32
		{CE66AEB4-0720-4DDB-8BEE-6B437EAFF0D1}.Debug|x86.Build.0 = Debug|Win32
		{CE66AEB4-0720-4DDB-8BEE-6B437EAFF0D1}.Release|x64.ActiveCfg = Release|x64
		{CE66AEB4-0720-4DDB-8BEE-6B437EAFF0D1}.Release|x64.Build.0 = Release|x64
		{CE66AEB4-0720-4DDB-8BEE-6B437EAFF0D1}.Release|x86.ActiveCfg = Release|Win32
		{CE66AEB4-0720-4DDB-8BEE-6B437EAFF0D1}.Release|x86.Build.0 = Release|Win32
		{14934CB1-9CC9-49A7-9E00-C98045CCC769}.Debug|x64.ActiveCfg = Debug|x64
		{14934CB1-9CC9-49A7-9E00-C98045CCC769}.Debug|x64.Build.0 = Debug|x64
		{14934CB1-9CC9-49A7-9E00-C98045CCC769}.Debug|x86.ActiveCfg = Debug|Win32
		{14934CB1-9CC9-49A7-9E00-C98045CCC769}.Debug|x86.Build.0 = Debug|Win32
		{14934CB1-9CC9-49A7-9E00-C98045CCC769}.Release|x64.ActiveCfg = Release|x64
		{14934CB1-9CC9-49A7-9E00-C98045CCC769}.Release|x64.Build.0 = Release|x64
		{14934CB1-9CC9-49A7-9E00-C98045CCC769}.Release|x86.ActiveCfg = Release|Win32
		{14934CB1-9CC9-49A7-9E00-C98045CCC769}.Release|x86.Build.0 = Release|Win32
		{92040954-E0A5-430F-BE8A-FBC35555FFCA}.Debug|x64.ActiveCfg = Debug|x64
		{92040954-E0A5-430F-BE8A-FBC35555FFCA}.Debug|x64.Build.0 = Debug|x64
		{92040954-E0A5-430F-BE8A-FBC35555FFCA}.Debug|x86.ActiveCfg = Debug|Win32
		{92040954-E0A5-430F-BE8A-FBC35555FFCA}.Debug|x86.Build.0 = Debug|Win32
		{92040954-E0A5-430F-BE8A-FBC35555FFCA}.Release|x64.ActiveCfg = Release|x64
		{92040954-E0A5-430F-BE8A-FBC35555FFCA}.Release|x64.Build.0 = Release|x64
		{92040954-E0A5-430F-BE8A-FBC35555FFCA}.Release|x86.ActiveCfg = Release|Win32
		{92040954-E0A5-430F-BE8A-FBC35555FFCA}.Release|x86.Build.0 = Release|Win32
		{24E75472-2B3D-43E3-93B5-E4D92371460C}.Debug|x64.ActiveCfg = Debug|x64
		{24E75472-2B3D-43E3-93B5-E4D92371460C}.Debug|x64.Build.0 = Debug|x64
		{24E75472-2B3D-43E3-93B5-E4D92371460C}.Debug|x86.ActiveCfg = Debug|Win32
		{24E75472-2B3D-43E3-93B5-E4D92371460C}.Debug|x86.Build.0 = Debug|Win32
		{24E75472-2B3D-43E3-93B5-E4D92371460C}.Release|x64.ActiveCfg = Release|x64
		{24E75472-2B3D-43E3-93B5-E4D92371460C}.Release|x64.Build.0 = Release|x64
		{24E75472-2B3D-43E3-93B5-E4D92371460C}.Release|x86.ActiveCfg = Release|Win32
		{24E75472-2B3D-43E3-93B5-E4D92371460C}.Release|x86.Build.0 = Release|Win32
		{ED331CCE-8DA6-42FC-A7DA-4317093822A6}.Debug|x64.ActiveCfg = Debug|x64
		{ED331CCE-8DA6-42FC-A7DA-4317093822A6}.Debug|x64.Build.0 = Debug|x64
		{ED331CCE-8DA6-42FC-A7DA-4317093822A6}.Debug|x86.ActiveCfg = Debug|Win32
		{ED331CCE-8DA6-42FC-A7DA-4317093822A6}.Debug|x86.Build.0 = Debug|Win32
		{ED331CCE-8DA6-42FC-A7DA-4317093822A6}.Release|x64.ActiveCfg = Release|x64
		{ED331CCE-8DA6-42FC-A7DA-4317093822A6}.Release|x64.Build.0 = Release|x64
		{ED331CCE-8DA6-42FC-A7DA-4317093822A6}.Release|x86.ActiveCfg = Release|Win32
		{ED331CCE-8DA6-42FC-A7DA-4317093822A6}.Release|x86.Build.0 = Release|Win32
		{34AD9785-3050-448F-9582-CD5F7F50C424}.Debug|x64.ActiveCfg = Debug|x64
		{34AD9785-3050-448F-9582-CD5F7F50C424}.Debug|x64.Build.0 = Debug|x64
		{34AD9785-3050-448F-9582-CD5F7F50C424}.Debug|x86.ActiveCfg = Debug|Win32
		{34AD9785-3050-448F-9582-CD5F7F50C424}.Debug|x86.Build.0 = Debug|Win32
		{34AD9785-3050-448F-9582-CD5F7F50C424}.Release|x64.ActiveCfg = Release|x64
		{34AD9785-3050-448F-9582-CD5F7F50C424}.Release|x64.Build.0 = Release|x64
		{34AD9785-3050-448F-9582-CD5F7F50C424}.Release|x86.ActiveCfg = Release|Win32
		{34AD9785-3050-448F-9582-CD5F7F50C424}.Release|x86.Build.0 = Release|Win32
		{AFA3FA1A-1D01-401D-816A-A69946B16327}.Debug|x64.ActiveCfg = Debug|x64
		{AFA3FA1A-1D01-401D-816A-A69946B16327}.Debug|x64.Build.0 = Debug|x64
		{AFA3FA1A-1D01-401D-816A-A69946B16327}.Debug|x86.ActiveCfg = Debug|Win32
		{AFA3FA1A-1D01-401D-816A-A69946B16327}.Debug|x86.Build.0 = Debug|Win32
		{AFA3FA1A-1D01-401D-816A-A69946B16327}.Release|x64.ActiveCfg = Release|x64
		{AFA3FA1A-1D01-401D-816A-A69946B16327}.Release|x64.Build.0 = Release|x64
		{AFA3FA1A-1D01-401D-816A-A69946B16327}.Release|x86.ActiveCfg = Release|Win32
		{AFA3FA1A-1D01-401D-816A-A69946B16327}.Release|x86.Build.0 = Release|Win32
		{DDC32C61-2212-495C-BD60-218BCA56DF28}.Debug|x64.ActiveCfg = Debug|x64
		{DDC32C61-2212-495C-BD60-218BCA56DF28}.Debug|x64.Build.0 = Debug|x64
		{DDC32C61-2212-495C-BD60-218BCA56DF28}.Debug|x86.ActiveCfg = Debug|Win32
		{DDC32C61-2212-495C-BD60-218BCA56DF28}.Debug|x86.Build.0 = Debug|Win32
		{DDC32C61-2212-495C-BD60-218BCA56DF28}.Release|x64.ActiveCfg = Release|x64
		{DDC32C61-2212-495C-BD60-218BCA56DF28}.Release|x64.Build.0 = Release|x64
		{DDC32C61-2212-495C-BD60-218BCA56DF28}.Release|x86.ActiveCfg = Release|Win32
		{DDC32C61-2212-495C-BD60-218BCA56DF28}.Release|x86.Build.0 = Release|Win32
		{9BDBD54C-8B23-4B31-9AB9-EB9543FEBB63}.Debug|x64.ActiveCfg = Debug|x64
		{9BDBD54C-8B23-4B31-9AB9-EB9543FEBB63}.Debug|x64.Build.0 = Debug|x64
		{9BDBD54C-8B23-4B31-9AB9-EB9543FEBB63}.Debug|x86.ActiveCfg = Debug|Win32
		{9BDBD54C-8B23-4B31-9AB9-EB9543FEBB63}.Debug|x86.Build.0 = Debug|Win32
		{9BDBD54C-8B23-4B31-9AB9-EB9543FEBB63}.Release|x64.ActiveCfg = Release|x64
		{9BDBD54C-8B23-4B31-9AB9-EB9543FEBB63}.Release|x64.Build.0 = Release|x64
		{9BDBD54C-8B23-4B31-9AB9-EB9543FEBB63}.Release|x86.ActiveCfg = Release|Win32
		{9BDBD54C-8B23-4B31-9AB9-EB9543FEBB63}.Release|x86.Build.0 = Release|Win32
		{EB986A09-5B97-4021-8419-6C51C3465A8F}.Debug|x64.ActiveCfg = Debug|x64
		{EB986A09-5B97-4021-8419-6C51C3465A8F}.Debug|x64.Build.0 = Debug|x64
		{EB986A09-5B97-4021-8419-6C51C3465A8F}.Debug|x86.ActiveCfg = Debug|Win32
		{EB986A09-5B97-4021-8419-6C51C3465A8F}.Debug|x86.Build.0 = Debug|Win32
		{EB986A09-5B97-4021-8419-6C51C3465A8F}.Release|x64.ActiveCfg = Release|x64
		{EB986A09-5B97-4021-8419-6C51C3465A8F}.Release|x64.Build.0 = Release|x64
		{EB986A09-5B97-4021-8419-6C51C3465A8F}.Release|x86.ActiveCfg = Release|Win32
		{EB986A09-5B97-4021-8419-6C51C3465A8F}.Release|x86.Build.0 = Release|Win32
		{9AE3F4F6-7724-4F73-9443-A34C0F4382FB}.Debug|x64.ActiveCfg = Debug|x64
		{9AE3F4F6-7724-4F73-9443-A34C0F4382FB}.Debug|x64.Build.0 = Debug|x64
		{9AE3F4F6-7724-4F73-9443-A34C0F4382FB}.Debug|x86.ActiveCfg = Debug|Win32
		{9AE3F4F6-7724-4F73-9443-A34C0F4382FB}.Debug|x86.Build.0 = Debug|Win32
		{9AE3F4F6-7724-4F73-9443-A34C0F4382FB}.Release|x64.ActiveCfg = Release|x64
		{9AE3F4F6-7724-4F73-9443-A34C0F4382FB}.Release|x64.Build.0 = Release|x64
		{9AE3F4F6-7724-4F73-9443-A34C0F4382FB}.Release|x86.ActiveCfg = Release|Win32
		{9AE3F4F6-7724-4F73-9443-A34C0F4382FB}.Release|x86.Build.0 = Release|Win32
		{C621F1AA-0C1C-4E77-A1BD-96A834C5E978}.Debug|x64.ActiveCfg = Debug|x64
		{C621F1AA-0C1C-4E77-A1BD-96A834C5E978}.Debug|x64.Build.0 = Debug|x64
		{C621F1AA-0C1C-4E77-A1BD-96A834C5E978}.Debug|x86.ActiveCfg = Debug|Win32
		{C621F1AA-0C1C-4E77-A1BD-96A834C5E978}.Debug|x86.Build.0 = Debug|Win32
		{C621F1AA-0C1C-4E77-A1BD-96A834C5E978}.Release|x64.ActiveCfg = Release|x64
		{C621F1AA-0C1C-4E77-A1BD-96A834C5E978}.Release|x64.Build.0 = Release|x64
		{C621F1AA-0C1C-4E77-A1BD-96A834C5E978}.Release|x86.ActiveCfg = Release|Win32
		{C621F1AA-0C1C-4E77-A1BD-96A834C5E978}.Release|x86.Build.0 = Release|Win32
		{7F944129-C25A-405C-94B2-43FD645B68C8}.Debug|x64.ActiveCfg = Debug|x64
		{7F944129-C25A-405C-94B2-43FD645B68C8}.Debug|x64.Build.0 = Debug|x64
		{7F944129-C25A-405C-94B2-43FD645B68C8}.Debug|x86.ActiveCfg = Debug|Win32
		{7F944129-C25A-405C-94B2-43FD645B68C8}.Debug|x86.Build.0 = Debug|Win32
		{7F944129-C25A-405C-94B2-43FD645B68C8}.Release|x64.ActiveCfg = Release|x64
		{7F944129-C25A-405C-94B2-43FD645B68C8}.Release|x64.Build.0 = Release|x64
		{7F944129-C25A-405C-94B2-43FD645B68C8}.Release|x86.ActiveCfg = Release|Win32
		{7F944129-C25A-405C-94B2-43FD645B68C8}.Release|x86.Build.0 = Release|Win32
		{4B4AA5B1-7666-4DE9-92DD-51100F78A90F}.Debug|x64.ActiveCfg = Debug|x64
		{4B4AA5B1-7666-4DE9-92DD-51100F78A90F}.Debug|x64.Build.0 = Debug|x64
		{4B4AA5B1-7666-4DE9-92DD-51100F78A90F}.Debug|x86.ActiveCfg = Debug|Win32
		{4B4AA5B1-7666-4DE9-92DD-51100F78A90F}.Debug|x86.Build.0 = Debug|Win32
		{4B4AA5B1-7666-4DE9-92DD-51100F78A90F}.Release|x64.ActiveCfg = Release|x64
		{4B4AA5B1-7666-4DE9-92DD-51100F78A90F}.Release|x64.Build.0 = Release|x64
		{4B4AA5B1-7666-4DE9-92DD-51100F78A90F}.Release|x86.ActiveCfg = Release|Win32
		{4B4AA5B1-7666-4DE9-92DD-51100F78A90F}.Release|x86.Build.0 = Release|Win32
		{6D3E8BD5-B19E-4537-9CAB-6DE3104896CD}.Debug|x64.ActiveCfg = Debug|x64
		{6D3E8BD5-B19E-4537-9CAB-6DE3104896CD}.Debug|x64.Build.0 = Debug|x64
		{6D3E8BD5-B19E-4537-9CAB-6DE3104896CD}.Debug|x86.ActiveCfg = Debug|Win32
		{6D3E8BD5-B19E-4537-9CAB-6DE3104896CD}.Debug|x86.Build.0 = Debug|Win32
		{6D3E8BD5-B19E-4537-9CAB-6DE3104896CD}.Release|x64.ActiveCfg = Release|x64
		{6D3E8BD5-B19E-4537-9CAB-6DE3104896CD}.Release|x64.Build.0 = Release|x64
		{6D3E8BD5-B19E-4537-9CAB-6DE3104896CD}.Release|x86.ActiveCfg = Release|Win32
		{6D3E8BD5-B19E-4537-9CAB-6DE3104896CD}.Release|x86.Build.0 = Release|Win32
		{AEF69C6E-58FE-4944-8531-4D521131195A}.Debug|x64.ActiveCfg = Debug|x64
		{AEF69C6E-58FE-4944-8531-4D521131195A}.Debug|x64.Build.0 = Debug|x64
		{AEF69C6E-58FE-4944-8531-4D521131195A}.Debug|x86.ActiveCfg = Debug|Win32
		{AEF69C6E-58FE-4944-8531-4D521131195A}.Debug|x86.Build.0 = Debug|Win32
		{AEF69C6E-58FE-4944-8531-4D521131195A}.Release|x64.ActiveCfg = Release|x64
		{AEF69C6E-58FE-4944-8531-4D521131195A}.Release|x64.Build.0 = Release|x64
		{AEF69C6E-58FE-4944-8531-4D521131195A}.Release|x86.ActiveCfg = Release|Win32
		{AEF69C6E-58FE-4944-8531-4D521131195A}.Release|x86.Build.0 = Release|Win32
		{CBB93D77-F696-4584-B772-FD3AB9BB23C1}.Debug|x64.ActiveCfg = Debug|x64
		{CBB93D77-F696-4584-B772-FD3AB9BB23C1}.Debug|x64.Build.0 = Debug|x64
		{CBB93D77-F696-4584-B772-FD3AB9BB23C1}.Debug|x86.ActiveCfg = Debug|Win32
		{CBB93D77-F696-4584-B772-FD3AB9BB23C1}.Debug|x86.Build.0 = Debug|Win32
		{CBB93D77-F696-4584-B772-FD3AB9BB23C1}.Release|x64.ActiveCfg = Release|x64
		{CBB93D77-F696-4584-B772-FD3AB9BB23C1}.Release|x64.Build.0 = Release|x64
		{CBB93D77-F696-4584-B772-FD3AB9BB23C1}.Release|x86.ActiveCfg = Release|Win32
		{CBB93D77-F696-4584-B772-FD3AB9BB23C1}.Release|x86.Build.0 = Release|Win32
		{7A95784A-BBF7-4BB0-95E7-54F50B15E464}.Debug|x64.ActiveCfg = Debug|x64
		{7A95784A-BBF7-4BB0-95E7-54F50B15E464}.Debug|x64.Build.0 = Debug|x64
		{7A95784A-BBF7-4BB0-95E7-54F50B15E464}.Debug|x86.ActiveCfg = Debug|Win32
		{7A95784A-BBF7-4BB0-95E7-54F50B15E464}.Debug|x86.Build.0 = Debug|Win32
		{7A95784A-BBF7-4BB0-95E7-54F50B15E464}.Release|x64.ActiveCfg = Release|x64
		{7A95784A-BBF7-4BB0-95E7-54F50B15E464}.Release|x64.Build.0 = Release|x64
		{7A95784A-BBF7-4BB0-95E7-54F50B15E464}.Release|x86.ActiveCfg = Release|Win32
		{7A95784A-BBF7-4BB0-95E7-54F50B15E464}.Release|x86.Build.0 = Release|Win32
		{5DA72BAA-E9DE-4B5C-8C65-AB5FC255667B}.Debug|x64.ActiveCfg = Debug|x64
		{5DA72BAA-E9DE-4B5C-8C65-AB5FC255667B}.Debug|x64.Build.0 = Debug|x64
		{5DA72BAA-E9DE-4B5C-8C65-AB5FC255667B}.Debug|x86.ActiveCfg = Debug|Win32
		{5DA72BAA-E9DE-4B5C-8C65-AB5FC255667B}.Debug|x86.Build.0 = Debug|Win32
		{5DA72BAA-E9DE-4B5C-8C65-AB5FC255667B}.Release|x64.ActiveCfg = Release|x64
		{5DA72BAA-E9DE-4B5C-8C65-AB5FC255667B}.Release|x64.Build.0 = Release|x64
		{5DA72BAA-E9DE-4B5C-8C65-AB5FC255667B}.Release|x86.ActiveCfg = Release|Win32
		{5DA72BAA-E9DE-4B5C-8C65-AB5FC255667B}.Release|x86.Build.0 = Release|Win32
		{3F26723A-54CF-46E8-A5D0-6C50561D7D38}.Debug|x64.ActiveCfg = Debug|x64
		{3F26723A-54CF-46E8-A5D0-6C50561D7D38}.Debug|x64.Build.0 = Debug|x64
		{3F26723A-54CF-46E8-A5D0-6C50561D7D38}.Debug|x86.ActiveCfg = Debug|Win32
		{3F26723A-54CF-46E8-A5D0-6C50561D7D38}.Debug|x86.Build.0 = Debug|Win32
		{3F26723A-54CF-46E8-A5D0-6C50561D7D38}.Release|x64.ActiveCfg = Release|x64
		{3F26723A-54CF-46E8-A5D0-6C50561D7D38}.Release|x64.Build.0 = Release|x64
		{3F26723A-54CF-46E8-A5D0-6C50561D7D38}.Release|x86.ActiveCfg = Release|Win32
		{3F26723A-54CF-46E8-A5D0-6C50561D7D38}.Release|x86.Build.0 = Release|Win32
		{F38D98A4-BC80-4EB5-8517-4FB87FE071A3}.Debug|x64.ActiveCfg = Debug|x64
		{F38D98A4-BC80-4EB5-8517-4FB87FE071A3}.Debug|x64.Build.0 = Debug|x64
		{F38D98A4-BC80-4EB5-8517-4FB87FE071A3}.Debug|x86.ActiveCfg = Debug|Win32
		{F38D98A4-BC80-4EB5-8517-4FB87FE071A3}.Debug|x86.Build.0 = Debug|Win32
		{F38D98A4-BC80-4EB5-8517-4FB87FE071A3}.Release|x64.ActiveCfg = Release|x64
		{F38D98A4-BC80-4EB5-8517-4FB87FE071A3}.Release|x64.Build.0 = Release|x64
		{F38D98A4-BC80-4EB5-8517-4FB87FE071A3}.Release|x86.ActiveCfg = Release|Win32
		{F38D98A4-BC80-4EB5-8517-4FB87FE071A3}.Release|x86.Build.0 = Release|Win32
		{E0ECBE4F-661A-4F42-A105-6935093FD9C4}.Debug|x64.ActiveCfg = Debug|x64
		{E0ECBE4F-661A-4F42-A105-6935093FD9C4}.Debug|x64.Build.0 = Debug|x64
		{E0ECBE4F-661A-4F42-A105-6935093FD9C4}.Debug|x86.ActiveCfg = Debug|Win32
		{E0ECBE4F-661A-4F42-A105-6935093FD9C4}.Debug|x86.Build.0 = Debug|Win32
		{E0ECBE4F-661A-4F42-A105-6935093FD9C4}.Release|x64.ActiveCfg = Release|x64
		{E0ECBE4F-661A-4F42-A105-6935093FD9C4}.Release|x64.Build.0 = Release|x64
		{E0ECBE4F-661A-4F42-A105-6935093FD9C4}.Release|x86.ActiveCfg = Release|Win32
		{E0ECBE4F-661A-4F42-A105-6935093FD9C4}.Release|x86.Build.0 = Release|Win32
		{F53FA675-9C52-4E7D-8FF0-92C2872387DE}.Debug|x64.ActiveCfg = Debug|x64
		{F53FA675-9C52-4E7D-8FF0-92C2872387DE}.Debug|x64.Build.0 = Debug|x64
		{F53FA675-9C52-4E7D-8FF0-92C2872387DE}.Debug|x86.ActiveCfg = Debug|Win32
		{F53FA675-9C52-4E7D-8FF0-92C2872387DE}.Debug|x86.Build.0 = Debug|Win32
		{F53FA675-9C52-4E7D-8FF0-92C2872387DE}.Release|x64.ActiveCfg = Release|x64
		{F53FA675-9C52-4E7D-8FF0-92C2872387DE}.Release|x64.Build.0 = Release|x64
		{F53FA675-9C52-4E7D-8FF0-92C2872387DE}.Release|x86.ActiveCfg = Release|Win32
		{F53FA675-9C52-4E7D-8FF0-92C2872387DE}.Release|x86.Build.0 = Release|Win32
		{58868875-24F1-4BC8-B269-D79F0D9BBC2E}.Debug|x64.ActiveCfg = Debug|x64
		{58868875-24F1-4BC8-B269-D79F0D9BBC2E}.Debug|x64.Build.0 = Debug|x64
		{58868875-24F1-4BC8-B269-D79F0D9BBC2E}.Debug|x86.ActiveCfg = Debug|Win32
		{58868875-24F1-4BC8-B269-D79F0D9BBC2E}.Debug|x86.Build.0 = Debug|Win32
		{58868875-24F1-4BC8-B269-D79F0D9BBC2E}.Release|x64.ActiveCfg = Release|x64
		{58868875-24F1-4BC8-B269-D79F0D9BBC2E}.Release|x64.Build.0 = Release|x64
		{58868875-24F1-4BC8-B269-D79F0D9BBC2E}.Release|x86.ActiveCfg = Release|Win32
		{58868875-24F1-4BC8-B269-D79F0D9BBC2E}.Release|x86.Build.0 = Release|Win32
		{76B5BFD4-7C62-48D8-BE37-2A15CB1D4B61}.Debug|x64.ActiveCfg = Debug|x64
		{76B5BFD4-7C62-48D8-BE37-2A15CB1D4B61}.Debug|x64.Build.0 = Debug|x64
		{76B5BFD4-7C62-48D8-BE37-2A15CB1D4B61}.Debug|x86.ActiveCfg = Debug|Win32
		{76B5BFD4-7C62-48D8-BE37-2A15CB1D4B61}.Debug|x86.Build.0 = Debug|Win32
		{76B5BFD4-7C62-48D8-BE37-2A15CB1D4B61}.Release|x64.ActiveCfg = Release|x64
		{76B5BFD4-7C62-48D8-BE37-2A15CB1D4B61}.Release|x64.Build.0 = Release|x64
		{76B5BFD4-7C62-48D8-BE37-2A15CB1D4B61}.Release|x86.ActiveCfg = Release|Win32
		{76B5BFD4-7C62-48D8-BE37-2A15CB1D4B61}.Release|x86.Build.0 = Release|Win32
		{13A4B7A2-3236-42D3-BFB1-9A1634D278AC}.Debug|x64.ActiveCfg = Debug|x64
		{13A4B7A2-3236-42D3-BFB1-9A1634D278AC}.Debug|x64.Build.0 = Debug|x64
		{13A4B7A2-3236-42D3-BFB1-9A1634D278AC}.Debug|x86.ActiveCfg = Debug|Win32
		{13A4B7A2-3236-42D3-BFB1-9A1634D278AC}.Debug|x86.Build.0 = Debug|Win32
		{13A4B7A2-3236-42D3-BFB1-9A1634D278AC}.Release|x64.ActiveCfg = Release|x64
		{13A4B7A2-3236-42D3-BFB1-9A1634D278AC}.Release|x64.Build.0 = Release|x64
		{13A4B7A2-3236-42D3-BFB1-9A1634D278AC}.Release|x86.ActiveCfg = Release|Win32
		{13A4B7A2-3236-42D3-BFB1-9A1634D278AC}.Release|x86.Build.0 = Release|Win32
		{A80ECA56-3633-424B-B4CC-64E753E477F0}.Debug|x64.ActiveCfg = Debug|x64
		{A80ECA56-3633-424B-B4CC-64E753E477F0}.Debug|x64.Build.0 = Debug|x64
		{A80ECA56-3633-424B-B4CC-64E753E477F0}.Debug|x86.ActiveCfg = Debug|Win32
		{A80ECA56-3633-424B-B4CC-64E753E477F0}.Debug|x86.Build.0 = Debug|Win32
		{A80ECA56-3633-424B-B4CC-64E753E477F0}.Release|x64.ActiveCfg = Release|x64
		{A80ECA56-3633-424B-B4CC-64E753E477F0}.Release|x64.Build.0 = Release|x64
		{A80ECA56-3633-424B-B4CC-64E753E477F0}.Release|x86.ActiveCfg = Release|Win32
		{A80ECA56-3633-424B-B4CC-64E753E477F0}.Release|x86.Build.0 = Release|Win32
		{6058F5E6-13C9-45A9-8927-A5F83D63FDB3}.Debug|x64.ActiveCfg = Debug|x64
		{6058F5E6-13C9-45A9-8927-A5F83D63FDB3}.Debug|x64.Build.0 = Debug|x64
		{6058F5E6-13C9-45A9-8927-A5F83D63FDB3}.Debug|x86.ActiveCfg = Debug|Win32
		{6058F5E6-13C9-45A9-8927-A5F83D63FDB3}.Debug|x86.Build.0 = Debug|Win32
		{6058F5E6-13C9-45A9-8927-A5F83D63FDB3}.Release|x64.ActiveCfg = Release|x64
		{6058F5E6-13C9-45A9-8927-A5F83D63FDB3}.Release|x64.Build.0 = Release|x64
		{6058F5E6-13C9-45A9-8927-A5F83D63FDB3}.Release|x86.ActiveCfg = Release|Win32
		{6058F5E6-13C9-45A9-8927-A5F83D63FDB3}.Release|x86.Build.0 = Release|Win32
		{78ACA857-6D75-4658-B014-042B40772D4F}.Debug|x64.ActiveCfg = Debug|x64
		{78ACA857-6D75-4658-B014-042B40772D4F}.Debug|x64.Build.0 = Debug|x64
		{78ACA857-6D75-4658-B014-042B40772D4F}.Debug|x86.ActiveCfg = Debug|Win32
		{78ACA857-6D75-4658-B014-042B40772D4F}.Debug|x86.Build.0 = Debug|Win32
		{78ACA857-6D75-4658-B014-042B40772D4F}.Release|x64.ActiveCfg = Release|x64
		{78ACA857-6D75-4658-B014-042B40772D4F}.Release|x64.Build.0 = Release|x64
		{78ACA857-6D75-4658-B014-042B40772D4F}.Release|x86.ActiveCfg = Release|Win32
		{78ACA857-6D75-4658-B014-042B40772D4F}.Release|x86.Build.0 = Release|Win32
		{6D8B68AE-E558-4270-98DB-E705BC4BDE3C}.Debug|x64.ActiveCfg = Debug|x64
		{6D8B68AE-E558-4270-98DB-E705BC4BDE3C}.Debug|x64.Build.0 = Debug|x64
		{6D8B68AE-E558-4270-98DB-E705BC4BDE3C}.Debug|x86.ActiveCfg = Debug|Win32
		{6D8B68AE-E558-4270-98DB-E705BC4BDE3C}.Debug|x86.Build.0 = Debug|Win32
		{6D8B68AE-E558-4270-98DB-E705BC4BDE3C}.Release|x64.ActiveCfg = Release|x64
		{6D8B68AE-E558-4270-98DB-E705BC4BDE3C}.Release|x64.Build.0 = Release|x64
		{6D8B68AE-E558-4270-98DB-E705BC4BDE3C}.Release|x86.ActiveCfg = Release|Win32
		{6D8B68AE-E558-4270-98DB-E705BC4BDE3C}.Release|x86.Build.0 = Release|Win32
		{34990DD1-1F5D-4ECE-A94D-FA42AFDAB79B}.Debug|x64.ActiveCfg = Debug|x64
		{34990DD1-1F5D-4ECE-A94D-FA42AFDAB79B}.Debug|x64.Build.0 = Debug|x64
		{34990DD1-1F5D-4ECE-A94D-FA42AFDAB79B}.Debug|x86.ActiveCfg = Debug|Win32
		{34990DD1-1F5D-4ECE-A94D-FA42AFDAB79B}.Debug|x86.Build.0 = Debug|Win32
		{34990DD1-1F5D-4ECE-A94D-FA42AFDAB79B}.Release|x64.ActiveCfg = Release|x64
		{34990DD1-1F5D-4ECE-A94D-FA42AFDAB79B}.Release|x64.Build.0 = Release|x64
		{34990DD1-1F5D-4ECE-A94D-FA42AFDAB79B}.Release|x86.ActiveCfg = Release|Win32
		{34990DD1-1F5D-4ECE-A94D-FA42AFDAB79B}.Release|x86.Build.0 = Release|Win32
		{550D9B2E-F7CC-4307-9CB9-730CC479A97F}.Debug|x64.ActiveCfg = Debug|x64
		{550D9B2E-F7CC-4307-9CB9-730CC479A97F}.Debug|x64.Build.0 = Debug|x64
		{550D9B2E-F7CC-4307-9CB9-730CC479A97F}.Debug|x86.ActiveCfg = Debug|Win32
		{550D9B2E-F7CC-4307-9CB9-730CC479A97F}.Debug|x86.Build.0 = Debug|Win32
		{550D9B2E-F7CC-4307-9CB9-730CC479A97F}.Release|x64.ActiveCfg = Release|x64
		{550D9B2E-F7CC-4307-9CB9-730CC479A97F}.Release|x64.Build.0 = Release|x64
		{550D9B2E-F7CC-4307-9CB9-730CC479A97F}.Release|x86.ActiveCfg = Release|Win32
		{550D9B2E-F7CC-4307-9CB9-730CC479A97F}.Release|x86.Build.0 = Release|Win32
		{944241D3-5206-4D7B-9C42-BF82EA07D3A4}.Debug|x64.ActiveCfg = Debug|x64
		{944241D3-5206-4D7B-9C42-BF82EA07D3A4}.Debug|x64.Build.0 = Debug|x64
		{944241D3-5206-4D7B-9C42-BF82EA07D3A4}.Debug|x86.ActiveCfg = Debug|Win32
		{944241D3-5206-4D7B-9C42-BF82EA07D3A4}.Debug|x86.Build.0 = Debug|Win32
		{944241D3-5206-4D7B-9C42-BF82EA07D3A4}.Release|x64.ActiveCfg = Release|x64
		{944241D3-5206-4D7B-9C42-BF82EA07D3A4}.Release|x64.Build.0 = Release|x64
		{944241D3-5206-4D7B-9C42-BF82EA07D3A4}.Release|x86.ActiveCfg = Release|Win32
		{944241D3-5206-4D7B-9C42-BF82EA07D3A4}.Release|x86.Build.0 = Release|Win32
		{A7812553-EAC6-46D5-B85F-067895384204}.Debug|x64.ActiveCfg = Debug|x64
		{A7812553-EAC6-46D5-B85F-067895384204}.Debug|x64.Build.0 = Debug|x64
		{A7812553-EAC6-46D5-B85F-067895384204}.Debug|x86.ActiveCfg = Debug|Win32
		{A7812553-EAC6-46D5-B85F-067895384204}.Debug|x86.Build.0 = Debug|Win32
		{A7812553-EAC6-46D5-B85F-067895384204}.Release|x64.ActiveCfg = Release|x64
		{A7812553-EAC6-46D5-B85F-067895384204}.Release|x64.Build.0 = Release|x64
		{A7812553-EAC6-46D5-B85F-067895384204}.Release|x86.ActiveCfg = Release|Win32
		{A7812553-EAC6-46D5-B85F-067895384204}.Release|x86.Build.0 = Release|Win32
		{03B705E9-D61A-481D-99DA-105FD2AD463B}.Debug|x64.ActiveCfg = Debug|x64
		{03B705E9-D61A-481D-99DA-105FD2AD463B}.Debug|x64.Build.0 = Debug|x64
		{03B705E9-D61A-481D-99DA-105FD2AD463B}.Debug|x86.ActiveCfg = Debug|Win32
		{03B705E9-D61A-481D-99DA-105FD2AD463B}.Debug|x86.Build.0 = Debug|Win32
		{03B705E9-D61A-481D-99DA-105FD2AD463B}.Release|x64.ActiveCfg = Release|x64
		{03B705E9-D61A-481D-99DA-105FD2AD463B}.Release|x64.Build.0 = Release|x64
		{03B705E9-D61A-481D-99DA-105FD2AD463B}.Release|x86.ActiveCfg = Release|Win32
		{03B705E9-D61A-481D-99DA-105FD2AD463B}.Release|x86.Build.0 = Release|Win32
		{8C5285B8-B65E-4CE4-B37F-5CAEE39DB095}.Debug|x64.ActiveCfg = Debug|x64
		{8C5285B8-B65E-4CE4-B37F-5CAEE39DB095}.Debug|x64.Build.0 = Debug|x64
		{8C5285B8-B65E-4CE4-B37F-5CAEE39DB095}.Debug|x86.ActiveCfg = Debug|Win32
		{8C5285B8-B65E-4CE4-B37F-5CAEE39DB095}.Debug|x86.Build.0 = Debug|Win32
		{8C5285B8-B65E-4CE4-B37F-5CAEE39DB095}.Release|x64.ActiveCfg = Release|x64
		{8C5285B8-B65E-4CE4-B37F-5CAEE39DB095}.Release|x64.Build.0 = Release|x64
		{8C5285B8-B65E-4CE4-B37F-5CAEE39DB095}.Release|x86.ActiveCfg = Release|Win32
		{8C5285B8-B65E-4CE4-B37F-5CAEE39DB095}.Release|x86.Build.0 = Release|Win32
		{084A6CA9-8937-4FCB-B5D4-AA9426E8E11A}.Debug|x64.ActiveCfg = Debug|x64
		{084A6CA9-8937-4FCB-B5D4-AA9426E8E11A}.Debug|x64.Build.0 = Debug|x64
		{084A6CA9-8937-4FCB-B5D4-AA9426E8E11A}.Debug|x86.ActiveCfg = Debug|Win32
		{084A6CA9-8937-4FCB-B5D4-AA9426E8E11A}.Debug|x86.Build.0 = Debug|Win32
		{084A6CA9-8937-4FCB-B5D4-AA9426E8E11A}.Release|x64.ActiveCfg = Release|x64
		{084A6CA9-8937-4FCB-B5D4-AA9426E8E11A}.Release|x64.Build.0 = Release|x64
		{084A6CA9-8937-4FCB-B5D4-AA9426E8E11A}.Release|x86.ActiveCfg = Release|Win32
		{084A6CA9-8937-4FCB-B5D4-AA9426E8E11A}.Release|x86.Build.0 = Release|Win32
		{3CE85C27-6237-4725-B635-B99759435E62}.Debug|x64.ActiveCfg = Debug|x64
		{3CE85C27-6237-4725-B635-B99759435E62}.Debug|x64.Build.0 = Debug|x64
		{3CE85C27-6237-4725-B635-B99759435E62}.Debug|x86.ActiveCfg = Debug|Win32
		{3CE85C27-6237-4725-B635-B99759435E62}.Debug|x86.Build.0 = Debug|Win32
		{3CE85C27-6237-4725-B635-B99759435E62}.Release|x64.ActiveCfg = Release|x64
		{3CE85C27-6237-4725-B635-B99759435E62}.Release|x64.Build.0 = Release|x64
		{3CE85C27-6237-4725-B635-B99759435E62}.Release|x86.ActiveCfg = Release|Win32
		{3CE85C27-6237-4725-B635-B99759435E62}.Release|x86.Build.0 = Release|Win32
		{7941F023-5B3A-4D7E-A780-1CF074D8F5EC}.Debug|x64.ActiveCfg = Debug|x64
		{7941F023-5B3A-4D7E-A780-1CF074D8F5EC}.Debug|x64.Build.0 = Debug|x64
		{7941F023-5B3A-4D7E-A780-1CF074D8F5EC}.Debug|x86.ActiveCfg = Debug|Win32
		{7941F023-5B3A-4D7E-A780-1CF074D8F5EC}.Debug|x86.Build.0 = Debug|Win32
		{7941F023-5B3A-4D7E-A780-1CF074D8F5EC}.Release|x64.ActiveCfg = Release|x64
		{7941F023-5B3A-4D7E-A780-1CF074D8F5EC}.Release|x64.Build.0 = Release|x64
		{7941F023-5B3A-4D7E-A780-1CF074D8F5EC}.Release|x86.ActiveCfg = Release|Win32
		{7941F023-5B3A-4D7E-A780-1CF074D8F5EC}.Release|x86.Build.0 = Release|Win32
		{169FE2F7-8902-4975-8933-37CF4F48F2C8}.Debug|x64.ActiveCfg = Debug|x64
		{169FE2F7-8902-4975-8933-37CF4F48F2C8}.Debug|x64.Build.0 = Debug|x64
		{169FE2F7-8902-4975-8933-37CF4F48F2C8}.Debug|x86.ActiveCfg = Debug|Win32
		{169FE2F7-8902-4975-8933-37CF4F48F2C8}.Debug|x86.Build.0 = Debug|Win32
		{169FE2F7-8902-4975-8933-37CF4F48F2C8}.Release|x64.ActiveCfg = Release|x64
		{169FE2F7-8902-4975-8933-37CF4F48F2C8}.Release|x64.Build.0 = Release|x64
		{169FE2F7-8902-4975-8933-37CF4F48F2C8}.Release|x86.ActiveCfg = Release|Win32
		{169FE2F7-8902-4975-8933-37CF4F48F2C8}.Release|x86.Build.0 = Release|Win32
		{47B390DB-A9FF-4A29-8A18-09FB9D29E0B2}.Debug|x64.ActiveCfg = Debug|x64
		{47B390DB-A9FF-4A29-8A18-09FB9D29E0B2}.Debug|x64.Build.0 = Debug|x64
		{47B390DB-A9FF-4A29-8A18-09FB9D29E0B2}.Debug|x86.ActiveCfg = Debug|Win32
		{47B390DB-A9FF-4A29-8A18-09FB9D29E0B2}.Debug|x86.Build.0 = Debug|Win32
		{47B390DB-A9FF-4A29-8A18-09FB9D29E0B2}.Release|x64.ActiveCfg = Release|x64
		{47B390DB-A9FF-4A29-8A18-09FB9D29E0B2}.Release|x64.Build.0 = Release|x64
		{47B390DB-A9FF-4A29-8A18-09FB9D29E0B2}.Release|x86.ActiveCfg = Release|Win32
		{47B390DB-A9FF-4A29-8A18-09FB9D29E0B2}.Release|x86.Build.0 = Release|Win32
		{75CF7883-4448-45BA-ABF6-E3FDB2DAD930}.Debug|x64.ActiveCfg = Debug|x64
		{75CF7883-4448-45BA-ABF6-E3FDB2DAD930}.Debug|x64.Build.0 = Debug|x64
		{75CF7883-4448-45BA-ABF6-E3FDB2DAD930}.Debug|x86.ActiveCfg = Debug|Win32
		{75CF7883-4448-45BA-ABF6-E3FDB2DAD930}.Debug|x86.Build.0 = Debug|Win32
		{75CF7883-4448-45BA-ABF6-E3FDB2DAD930}.Release|x64.ActiveCfg = Release|x64
		{75CF7883-4448-45BA-ABF6-E3FDB2DAD930}.Release|x64.Build.0 = Release|x64
		{75CF7883-4448-45BA-ABF6-E3FDB2DAD930}.Release|x86.ActiveCfg = Release|Win32
		{75CF7883-4448-45BA-ABF6-E3FDB2DAD930}.Release|x86.Build.0 = Release|Win32
		{C0020439-C791-4C36-ADE6-5301D79205B5}.Debug|x64.ActiveCfg = Debug|x64
		{C0020439-C791-4C36-ADE6-5301D79205B5}.Debug|x64.Build.0 = Debug|x64
		{C0020439-C791-4C36-ADE6-5301D79205B5}.Debug|x86.ActiveCfg = Debug|Win32
		{C0020439-C791-4C36-ADE6-5301D79205B5}.Debug|x86.Build.0 = Debug|Win32
		{C0020439-C791-4C36-ADE6-5301D79205B5}.Release|x64.ActiveCfg = Release|x64
		{C0020439-C791-4C36-ADE6-5301D79205B5}.Release|x64.Build.0 = Release|x64
		{C0020439-C791-4C36-ADE6-5301D79205B5}.Release|x86.ActiveCfg = Release|Win32
		{C0020439-C791-4C36-ADE6-5301D79205B5}.Release|x86.Build.0 = Release|Win32
		{6EBAFDB4-A715-4C39-8522-44DB4712F123}.Debug|x64.ActiveCfg = Debug|x64
		{6EBAFDB4-A715-4C39-8522-44DB4712F123}.Debug|x64.Build.0 = Debug|x64
		{6EBAFDB4-A715-4C39-8522-44DB4712F123}.Debug|x86.ActiveCfg = Debug|Win32
		{6EBAFDB4-A715-4C39-8522-44DB4712F123}.Debug|x86.Build.0 = Debug|Win32
		{6EBAFDB4-A715-4C39-8522-44DB4712F123}.Release|x64.ActiveCfg = Release|x64
		{6EBAFDB4-A715-4C39-8522-44DB4712F123}.Release|x64.Build.0 = Release|x64
		{6EBAFDB4-A715-4C39-8522-44DB4712F123}.Release|x86.ActiveCfg = Release|Win32
		{6EBAFDB4-A715-4C39-8522-44DB4712F123}.Release|x86.Build.0 = Release|Win32
		{E263C5CE-E0E1-4438-ABAE-632DEE9BFDB1}.Debug|x64.ActiveCfg = Debug|x64
		{E263C5CE-E0E1-4438-ABAE-632DEE9BFDB1}.Debug|x64.Build.0 = Debug|x64
		{E263C5CE-E0E1-4438-ABAE-632DEE9BFDB1}.Debug|x86.ActiveCfg = Debug|Win32
		{E263C5CE-E0E1-4438-ABAE-632DEE9BFDB1}.Debug|x86.Build.0 = Debug|Win32
		{E263C5CE-E0E1-4438-ABAE-632DEE9BFDB1}.Release|x64.ActiveCfg = Release|x64
		{E263C5CE-E0E1-4438-ABAE-632DEE9BFDB1}.Release|x64.Build.0 = Release|x64
		{E263C5CE-E0E1-4438-ABAE-632DEE9BFDB1}.Release|x86.ActiveCfg = Release|Win32
		{E263C5CE-E0E1-4438-ABAE-632DEE9BFDB1}.Release|x86.Build.0 = Release|Win32
		{72B50912-E9F5-4803-B482-D5064F71BEBC}.Debug|x64.ActiveCfg = Debug|x64
		{72B50912-E9F5-4803-B482-D5064F71BEBC}.Debug|x64.Build.0 = Debug|x64
		{72B50912-E9F5-4803-B482-D5064F71BEBC}.Debug|x86.ActiveCfg = Debug|Win32
		{72B50912-E9F5-4803-B482-D5064F71BEBC}.Debug|x86.Build.0 = Debug|Win32
		{72B50912-E9F5-4803-B482-D5064F71BEBC}.Release|x64.ActiveCfg = Release|x64
		{72B50912-E9F5-4803-B482-D5064F71BEBC}.Release|x64.Build.0 = Release|x64
		{72B50912-E9F5-4803-B482-D5064F71BEBC}.Release|x86.ActiveCfg = Release|Win32
		{72B50912-E9F5-4803-B482-D5064F71BEBC}.Release|x86.Build.0 = Release|Win32
		{0BFCBE42-12F1-42F6-AB18-016A4E223817}.Debug|x64.ActiveCfg = Debug|x64
		{0BFCBE42-12F1-42F6-AB18-016A4E223817}.Debug|x64.Build.0 = Debug|x64
		{0BFCBE42-12F1-42F6-AB18-016A4E223817}.Debug|x86.ActiveCfg = Debug|Win32
		{0BFCBE42-12F1-42F6-AB18-016A4E223817}.Debug|x86.Build.0 = Debug|Win32
		{0BFCBE42-12F1-42F6-AB18-016A4E223817}.Release|x64.ActiveCfg = Release|x64
		{0BFCBE42-12F1-42F6-AB18-016A4E223817}.Release|x64.Build.0 = Release|x64
		{0BFCBE42-12F1-42F6-AB18-016A4E223817}.Release|x86.ActiveCfg = Release|Win32
		{0BFCBE42-12F1-42F6-AB18-016A4E223817}.Release|x86.Build.0 = Release|Win32
		{A2485124-580E-479D-9328-3C4B0792E1E2}.Debug|x64.ActiveCfg = Debug|x64
		{A2485124-580E-479D-9328-3C4B0792E1E2}.Debug|x64.Build.0 = Debug|x64
		{A2485124-580E-479D-9328-3C4B0792E1E2}.Debug|x86.ActiveCfg = Debug|Win32
		{A2485124-580E-479D-9328-3C4B0792E1E2}.Debug|x86.Build.0 = Debug|Win32
		{A2485124-580E-479D-9328-3C4B0792E1E2}.Release|x64.ActiveCfg = Release|x64
		{A2485124-580E-479D-9328-3C4B0792E1E2}.Release|x64.Build.0 = Release|x64
		{A2485124-580E-479D-9328-3C4B0792E1E2}.Release|x86.ActiveCfg = Release|Win32
		{A2485124-580E-479D-9328-3C4B0792E1E2}.Release|x86.Build.0 = Release|Win32
		{3AF7F001-567B-4E67-B890-3E8E445840D6}.Debug|x64.ActiveCfg = Debug|x64
		{3AF7F001-567B-4E67-B890-3E8E445840D6}.Debug|x64.Build.0 = Debug|x64
		{3AF7F001-567B-4E67-B890-3E8E445840D6}.Debug|x86.ActiveCfg = Debug|Win32
		{3AF7F001-567B-4E67-B890-3E8E445840D6}.Debug|x86.Build.0 = Debug|Win32
		{3AF7F001-567B-4E67-B890-3E8E445840D6}.Release|x64.ActiveCfg = Release|x64
		{3AF7F001-567B-4E67-B890-3E8E445840D6}.Release|x64.Build.0 = Release|x64
		{3AF7F001-567B-4E67-B890-3E8E445840D6}.Release|x86.ActiveCfg = Release|Win32
		{3AF7F001-567B-4E67-B890-3E8E445840D6}.Release|x86.Build.0 = Release|Win32
		{13CC9D68-D711-4103-B6FC-D5B407411F91}.Debug|x64.ActiveCfg = Debug|x64
		{13CC9D68-D711-4103-B6FC-D5B407411F91}.Debug|x64.Build.0 = Debug|x64
		{13CC9D68-D711-4103-B6FC-D5B407411F91}.Debug|x86.ActiveCfg = Debug|Win32
		{13CC9D68-D711-4103-B6FC-D5B407411F91}.Debug|x86.Build.0 = Debug|Win32
		{13CC9D68-D711-4103-B6FC-D5B407411F91}.Release|x64.ActiveCfg = Release|x64
		{13CC9D68-D711-4103-B6FC-D5B407411F91}.Release|x64.Build.0 = Release|x64
		{13CC9D68-D711-4103-B6FC-D5B407411F91}.Release|x86.ActiveCfg = Release|Win32
		{13CC9D68-D711-4103-B6FC-D5B407411F91}.Release|x86.Build.0 = Release|Win32
		{C3F92622-65CB-4FAA-9EA5-3BCD7390DF2F}.Debug|x64.ActiveCfg = Debug|x64
		{C3F92622-65CB-4FAA-9EA5-3BCD7390DF2F}.Debug|x64.Build.0 = Debug|x64
		{C3F92622-65CB-4FAA-9EA5-3BCD7390DF2F}.Debug|x86.ActiveCfg = Debug|Win32
		{C3F92622-65CB-4FAA-9EA5-3BCD7390DF2F}.Debug|x86.Build.0 = Debug|Win32
		{C3F92622-65CB-4FAA-9EA5-3BCD7390DF2F}.Release|x64.ActiveCfg = Release|x64
		{C3F92622-65CB-4FAA-9EA5-3BCD7390DF2F}.Release|x64.Build.0 = Release|x64
		{C3F92622-65CB-4FAA-9EA5-3BCD7390DF2F}.Release|x86.ActiveCfg = Release|Win32
		{C3F92622-65CB-4FAA-9EA5-3BCD7390DF2F}.Release|x86.Build.0 = Release|Win32
		{77D0CB25-DAF4-427B-A6E6-43F4C7F29A39}.Debug|x64.ActiveCfg = Debug|x64
		{77D0CB25-DAF4-427B-A6E6-43F4C7F29A39}.Debug|x64.Build.0 = Debug|x64
		{77D0CB25-DAF4-427B-A6E6-43F4C7F29A39}.Debug|x86.ActiveCfg = Debug|Win32
		{77D0CB25-DAF4-427B-A6E6-43F4C7F29A39}.Debug|x86.Build.0 = Debug|Win32
		{77D0CB25-DAF4-427B-A6E6-43F4C7F29A39}.Release|x64.ActiveCfg = Release|x64
		{77D0CB25-DAF4-427B-A6E6-43F4C7F29A39}.Release|x64.Build.0 = Release|x64
		{77D0CB25-DAF4-427B-A6E6-43F4C7F29A39}.Release|x86.ActiveCfg = Release|Win32
		{77D0CB25-DAF4-427B-A6E6-43F4C7F29A39}.Release|x86.Build.0 = Release|Win32
		{587E081A-3953-40B4-A847-A3EED4932D4E}.Debug|x64.ActiveCfg = Debug|x64
		{587E081A-3953-40B4-A847-A3EED4932D4E}.Debug|x64.Build.0 = Debug|x64
		{587E081A-3953-40B4-A847-A3EED4932D4E}.Debug|x86.ActiveCfg = Debug|Win32
		{587E081A-3953-40B4-A847-A3EED4932D4E}.Debug|x86.Build.0 = Debug|Win32
		{587E081A-3953-40B4-A847-A3EED4932D4E}.Release|x64.ActiveCfg = Release|x64
		{587E081A-3953-40B4-A847-A3EED4932D4E}.Release|x64.Build.0 = Release|x64
		{587E081A-3953-40B4-A847-A3EED4932D4E}.Release|x86.ActiveCfg = Release|Win32
		{587E081A-3953-40B4-A847-A3EED4932D4E}.Release|x86.Build.0 = Release|Win32
		{E859DDA0-C278-4319-AD7F-E9C1B758C817}.Debug|x64.ActiveCfg = Debug|x64
		{E859DDA0-C278-4319-AD7F-E9C1B758C817}.Debug|x64.Build.0 = Debug|x64
		{E859DDA0-C278-4319-AD7F-E9C1B758C817}.Debug|x86.ActiveCfg = Debug|Win32
		{E859DDA0-C278-4319-AD7F-E9C1B758C817}.Debug|x86.Build.0 = Debug|Win32
		{E859DDA0-C278-4319-AD7F-E9C1B758C817}.Release|x64.ActiveCfg = Release|x64
		{E859DDA0-C278-4319-AD7F-E9C1B758C817}.Release|x64.Build.0 = Release|x64
		{E859DDA0-C278-4319-AD7F-E9C1B758C817}.Release|x86.ActiveCfg = Release|Win32
		{E859DDA0-C278-4319-AD7F-E9C1B758C817}.Release|x86.Build.0 = Release|Win32
		{1BA92B64-DBEE-4630-90C8-8D943A9010ED}.Debug|x64.ActiveCfg = Debug|x64
		{1BA92B64-DBEE-4630-90C8-8D943A9010ED}.Debug|x64.Build.0 = Debug|x64
		{1BA92B64-DBEE-4630-90C8-8D943A9010ED}.Debug|x86.ActiveCfg = Debug|Win32
		{1BA92B64-DBEE-4630-90C8-8D943A9010ED}.Debug|x86.Build.0 = Debug|Win32
		{1BA92B64-DBEE-4630-90C8-8D943A9010ED}.Release|x64.ActiveCfg = Release|x64
		{1BA92B64-DBEE-4630-90C8-8D943A9010ED}.Release|x64.Build.0 = Release|x64
		{1BA92B64-DBEE-4630-90C8-8D943A9010ED}.Release|x86.ActiveCfg = Release|Win32
		{1BA92B64-DBEE-4630-90C8-8D943A9010ED}.Release|x86.Build.0 = Release|Win32
		{C3D735FD-48DB-4804-81DF-AFB9103F89B7}.Debug|x64.ActiveCfg = Debug|x64
		{C3D735FD-48DB-4804-81DF-AFB9103F89B7}.Debug|x64.Build.0 = Debug|x64
		{C3D735FD-48DB-4804-81DF-AFB9103F89B7}.Debug|x86.ActiveCfg = Debug|Win32
		{C3D735FD-48DB-4804-81DF-AFB9103F89B7}.Debug|x86.Build.0 = Debug|Win32
		{C3D735FD-48DB-4804-81DF-AFB9103F89B7}.Release|x64.ActiveCfg = Release|x64
		{C3D735FD-48DB-4804-81DF-AFB9103F89B7}.Release|x64.Build.0 = Release|x64
		{C3D735FD-48DB-4804-81DF-AFB9103F89B7}.Release|x86.ActiveCfg = Release|Win32
		{C3D735FD-48DB-4804-81DF-AFB9103F89B7}.Release|x86.Build.0 = Release|Win32
		{3A776C60-CBF1-4D2F-9CD6-0A34B1609084}.Debug|x64.ActiveCfg = Debug|x64
		{3A776C60-CBF1-4D2F-9CD6-0A34B1609084}.Debug|x64.Build.0 = Debug|x64
		{3A776C60-CBF1-4D2F-9CD6-0A34B1609084}.Debug|x86.ActiveCfg = Debug|Win32
		{3A776C60-CBF1-4D2F-9CD6-0A34B1609084}.Debug|x86.Build.0 = Debug|Win32
		{3A776C60-CBF1-4D2F-9CD6-0A34B1609084}.Release|x64.ActiveCfg = Release|x64
		{3A776C60-CBF1-4D2F-9CD6-0A34B1609084}.Release|x64.Build.0 = Release|x64
		{3A776C60-CBF1-4D2F-9CD6-0A34B1609084}.Release|x86.ActiveCfg = Release|Win32
		{3A776C60-CBF1-4D2F-9CD6-0A34B1609084}.Release|x86.Build.0 = Release|Win32
		{1BA3BDC5-D97B-45F1-AF70-024EFECC33B4}.Debug|x64.ActiveCfg = Debug|x64
		{1BA3BDC5-D97B-45F1-AF70-024EFECC33B4}.Debug|x64.Build.0 = Debug|x64
		{1BA3BDC5-D97B-45F1-AF70-024EFECC33B4}.Debug|x86.ActiveCfg = Debug|Win32
		{1BA3BDC5-D97B-45F1-AF70-024EFECC33B4}.Debug|x86.Build.0 = Debug|Win32
		{1BA3BDC5-D97B-45F1-AF70-024EFECC33B4}.Release|x64.ActiveCfg = Release|x64
		{1BA3BDC5-D97B-45F1-AF70-024EFECC33B4}.Release|x64.Build.0 = Release|x64
		{1BA3BDC5-D97B-45F1-AF70-024EFECC33B4}.Release|x86.ActiveCfg = Release|Win32
		{1BA3BDC5-D97B-45F1-AF70-024EFECC33B4}.Release|x86.Build.0 = Release|Win32
		{4CECEFBA-ECF0-4AD1-8723-FB878D8CB657}.Debug|x64.ActiveCfg = Debug|x64
		{4CECEFBA-ECF0-4AD1-8723-FB878D8CB657}.Debug|x64.Build.0 = Debug|x64
		{4CECEFBA-ECF0-4AD1-8723-FB878D8CB657}.Debug|x86.ActiveCfg = Debug|Win32
		{4CECEFBA-ECF0-4AD1-8723-FB878D8CB657}.Debug|x86.Build.0 = Debug|Win32
		{4CECEFBA-ECF0-4AD1-8723-FB878D8CB657}.Release|x64.ActiveCfg = Release|x64
		{4CECEFBA-ECF0-4AD1-8723-FB878D8CB657}.Release|x64.Build.0 = Release|x64
		{4CECEFBA-ECF0-4AD1-8723-FB878D8CB657}.Release|x86.ActiveCfg = Release|Win32
		{4CECEFBA-ECF0-4AD1-8723-FB878D8CB657}.Release|x86.Build.0 = Release|Win32
		{695C3FA4-C8C1-4512-AB0B-DDCE60019709}.Debug|x64.ActiveCfg = Debug|x64
		{695C3FA4-C8C1-4512-AB0B-DDCE60019709}.Debug|x64.Build.0 = Debug|x64
		{695C3FA4-C8C1-4512-AB0B-DDCE60019709}.Debug|x86.ActiveCfg = Debug|Win32
		{695C3FA4-C8C1-4512-AB0B-DDCE60019709}.Debug|x86.Build.0 = Debug|Win32
		{695C3FA4-C8C1-4512-AB0B-DDCE60019709}.Release|x64.ActiveCfg = Release|x64
		{695C3FA4-C8C1-4512-AB0B-DDCE60019709}.Release|x64.Build.0 = Release|x64
		{695C3FA4-C8C1-4512-AB0B-DDCE60019709}.Release|x86.ActiveCfg = Release|Win32
		{695C3FA4-C8C1-4512-AB0B-DDCE60019709}.Release|x86.Build.0 = Release|Win32
		{4EE71605-EF0C-4DA0-9EE5-27E82B2D4636}.Debug|x64.ActiveCfg = Debug|x64
		{4EE71605-EF0C-4DA0-9EE5-27E82B2D4636}.Debug|x64.Build.0 = Debug|x64
		{4EE71605-EF0C-4DA0-9EE5-27E82B2D4636}.Debug|x86.ActiveCfg = Debug|Win32
		{4EE71605-EF0C-4DA0-9EE5-27E82B2D4636}.Debug|x86.Build.0 = Debug|Win32
		{4EE71605-EF0C-4DA0-9EE5-27E82B2D4636}.Release|x64.ActiveCfg = Release|x64
		{4EE71605-EF0C-4DA0-9EE5-27E82B2D4636}.Release|x64.Build.0 = Release|x64
		{4EE71605-EF0C-4DA0-9EE5-27E82B2D4636}.Release|x86.ActiveCfg = Release|Win32
		{4EE71605-EF0C-4DA0-9EE5-27E82B2D4636}.Release|x86.Build.0 = Release|Win32
		{743007E1-BAC8-4962-A99A-6FC5182F1EB4}.Debug|x64.ActiveCfg = Debug|x64
		{743007E1-BAC8-4962-A99A-6FC5182F1EB4}.Debug|x64.Build.0 = Debug|x64
		{743007E1-BAC8-4962-A99A-6FC5182F1EB4}.Debug|x86.ActiveCfg = Debug|Win32
		{743007E1-BAC8-4962-A99A-6FC5182F1EB4}.Debug|x86.Build.0 = Debug|Win32
		{743007E1-BAC8-4962-A99A-6FC5182F1EB4}.Release|x64.ActiveCfg = Release|x64
		{743007E1-BAC8-4962-A99A-6FC5182F1EB4}.Release|x64.Build.0 = Release|x64
		{743007E1-BAC8-4962-A99A-6FC5182F1EB4}.Release|x86.ActiveCfg = Release|Win32
		{743007E1-BAC8-4962-A99A-6FC5182F1EB4}.Release|x86.Build.0 = Release|Win32
		{0664A38D-738A-431C-A0FE-63C41627CB68}.Debug|x64.ActiveCfg = Debug|x64
		{0664A38D-738A-431C-A0FE-63C41627CB68}.Debug|x64.Build.0 = Debug|x64
		{0664A38D-738A-431C-A0FE-63C41627CB68}.Debug|x86.ActiveCfg = Debug|Win32
		{0664A38D-738A-431C-A0FE-63C41627CB68}.Debug|x86.Build.0 = Debug|Win32
		{0664A38D-738A-431C-A0FE-63C41627CB68}.Release|x64.ActiveCfg = Release|x64
		{0664A38D-738A-431C-A0FE-63C41627CB68}.Release|x64.Build.0 = Release|x64
		{0664A38D-738A-431C-A0FE-63C41627CB68}.Release|x86.ActiveCfg = Release|Win32
		{0664A38D-738A-431C-A0FE-63C41627CB68}.Release|x86.Build.0 = Release|Win32
		{6321C7E5-4623-4F00-B410-116D52D07446}.Debug|x64.ActiveCfg = Debug|x64
		{6321C7E5-4623-4F00-B410-116D52D07446}.Debug|x64.Build.0 = Debug|x64
		{6321C7E5-4623-4F00-B410-116D52D07446}.Debug|x86.ActiveCfg = Debug|Win32
		{6321C7E5-4623-4F00-B410-116D52D07446}.Debug|x86.Build.0 = Debug|Win32
		{6321C7E5-4623-4F00-B410-116D52D07446}.Release|x64.ActiveCfg = Release|x64
		{6321C7E5-4623-4F00-B410-116D52D07446}.Release|x64.Build.0 = Release|x64
		{6321C7E5-4623-4F00-B410-116D52D07446}.Release|x86.ActiveCfg = Release|Win32
		{6321C7E5-4623-4F00-B410-116D52D07446}.Release|x86.Build.0 = Release|Win32
		{73AD1E30-1C4D-4903-8C79-B8FEC2EE4798}.Debug|x64.ActiveCfg = Debug|x64
		{73AD1E30-1C4D-4903-8C79-B8FEC2EE4798}.Debug|x64.Build.0 = Debug|x64
		{73AD1E30-1C4D-4903-8C79-B8FEC2EE4798}.Debug|x86.ActiveCfg = Debug|Win32
		{73AD1E30-1C4D-4903-8C79-B8FEC2EE4798}.Debug|x86.Build.0 = Debug|Win32
		{73AD1E30-1C4D-4903-8C79-B8FEC2EE4798}.Release|x64.ActiveCfg = Release|x64
		{73AD1E30-1C4D-4903-8C79-B8FEC2EE4798}.Release|x64.Build.0 = Release|x64
		{73AD1E30-1C4D-4903-8C79-B8FEC2EE4798}.Release|x86.ActiveCfg = Release|Win32
		{73AD1E30-1C4D-4903-8C79-B8FEC2EE4798}.Release|x86.Build.0 = Release|Win32
		{BF0FEAFF-7100-44E5-8E28-5C9D3E7DB6AA}.Debug|x64.ActiveCfg = Debug|x64
		{BF0FEAFF-7100-44E5-8E28-5C9D3E7DB6AA}.Debug|x64.Build.0 = Debug|x64
		{BF0FEAFF-7100-44E5-8E28-5C9D3E7DB6AA}.Debug|x86.ActiveCfg = Debug|Win32
		{BF0FEAFF-7100-44E5-8E28-5C9D3E7DB6AA}.Debug|x86.Build.0 = Debug|Win32
		{BF0FEAFF-7100-44E5-8E28-5C9D3E7DB6AA}.Release|x64.ActiveCfg = Release|x64
		{BF0FEAFF-7100-44E5-8E28-5C9D3E7DB6AA}.Release|x64.Build.0 = Release|x64
		{BF0FEAFF-7100-44E5-8E28-5C9D3E7DB6AA}.Release|x86.ActiveCfg = Release|Win32
		{BF0FEAFF-7100-44E5-8E28-5C9D3E7DB6AA}.Release|x86.Build.0 = Release|Win32
		{E12D5347-143E-4E1B-A245-5BBE6A53FE85}.Debug|x64.ActiveCfg = Debug|x64
		{E12D5347-143E-4E1B-A245-5BBE6A53FE85}.Debug|x64.Build.0 = Debug|x64
		{E12D5347-143E-4E1B-A245-5BBE6A53FE85}.Debug|x86.ActiveCfg = Debug|Win32
		{E12D5347-143E-4E1B-A245-5BBE6A53FE85}.Debug|x86.Build.0 = Debug|Win32
		{E12D5347-143E-4E1B-A245-5BBE6A53FE85}.Release|x64.ActiveCfg = Release|x64
		{E12D5347-143E-4E1B-A245-5BBE6A53FE85}.Release|x64.Build.0 = Release|x64
		{E12D5347-143E-4E1B-A245-5BBE6A53FE85}.Release|x86.ActiveCfg = Release|Win32
		{E12D5347-143E-4E1B-A245-5BBE6A53FE85}.Release|x86.Build.0 = Release|Win32
		{78F56621-B9CC-4AF6-93B9-C7F9903B5D1E}.Debug|x64.ActiveCfg = Debug|x64
		{78F56621-B9CC-4AF6-93B9-C7F9903B5D1E}.Debug|x64.Build.0 = Debug|x64
		{78F56621-B9CC-4AF6-93B9-C7F9903B5D1E}.Debug|x86.ActiveCfg = Debug|Win32
		{78F56621-B9CC-4AF6-93B9-C7F9903B5D1E}.Debug|x86.Build.0 = Debug|Win32
		{78F56621-B9CC-4AF6-93B9-C7F9903B5D1E}.Release|x64.ActiveCfg = Release|x64
		{78F56621-B9CC-4AF6-93B9-C7F9903B5D1E}.Release|x64.Build.0 = Release|x64
		{78F56621-B9CC-4AF6-93B9-C7F9903B5D1E}.Release|x86.ActiveCfg = Release|Win32
		{78F56621-B9CC-4AF6-93B9-C7F9903B5D1E}.Release|x86.Build.0 = Release|Win32
		{AF8D90F0-0388-4247-BC3B-47ACF784D8AC}.Debug|x64.ActiveCfg = Debug|x64
		{AF8D90F0-0388-4247-BC3B-47ACF784D8AC}.Debug|x64.Build.0 = Debug|x64
		{AF8D90F0-0388-4247-BC3B-47ACF784D8AC}.Debug|x86.ActiveCfg = Debug|Win32
		{AF8D90F0-0388-4247-BC3B-47ACF784D8AC}.Debug|x86.Build.0 = Debug|Win32
		{AF8D90F0-0388-4247-BC3B-47ACF784D8AC}.Release|x64.ActiveCfg = Release|x64
		{AF8D90F0-0388-4247-BC3B-47ACF784D8AC}.Release|x64.Build.0 = Release|x64
		{AF8D90F0-0388-4247-BC3B-47ACF784D8AC}.Release|x86.ActiveCfg = Release|Win32
		{AF8D90F0-0388-4247-BC3B-47ACF784D8AC}.Release|x86.Build.0 = Release|Win32
		{0A683729-D89D-476D-9336-D7215FC2ED0C}.Debug|x64.ActiveCfg = Debug|x64
		{0A683729-D89D-476D-9336-D7215FC2ED0C}.Debug|x64.Build.0 = Debug|x64
		{0A683729-D89D-476D-9336-D7215FC2ED0C}.Debug|x86.ActiveCfg = Debug|Win32
		{0A683729-D89D-476D-9336-D7215FC2ED0C}.Debug|x86.Build.0 = Debug|Win32
		{0A683729-D89D-476D-9336-D7215FC2ED0C}.Release|x64.ActiveCfg = Release|x64
		{0A683729-D89D-476D-9336-D7215FC2ED0C}.Release|x64.Build.0 = Release|x64
		{0A683729-D89D-476D-9336-D7215FC2ED0C}.Release|x86.ActiveCfg = Release|Win32
		{0A683729-D89D-476D-9336-D7215FC2ED0C}.Release|x86.Build.0 = Release|Win32
		{5AB42BBD-0C5E-46D7-A6E3-499D1E3E1DAF}.Debug|x64.ActiveCfg = Debug|x64
		{5AB42BBD-0C5E-46D7-A6E3-499D1E3E1DAF}.Debug|x64.Build.0 = Debug|x64
		{5AB42BBD-0C5E-46D7-A6E3-499D1E3E1DAF}.Debug|x86.ActiveCfg = Debug|Win32
		{5AB42BBD-0C5E-46D7-A6E3-499D1E3E1DAF}.Debug|x86.Build.0 = Debug|Win32
		{5AB42BBD-0C5E-46D7-A6E3-499D1E3E1DAF}.Release|x64.ActiveCfg = Release|x64
		{5AB42BBD-0C5E-46D7-A6E3-499D1E3E1DAF}.Release|x64.Build.0 = Release|x64
		{5AB42BBD-0C5E-46D7-A6E3-499D1E3E1DAF}.Release|x86.ActiveCfg = Release|Win32
		{5AB42BBD-0C5E-46D7-A6E3-499D1E3E1DAF}.Release|x86.Build.0 = Release|Win32
		{1F54331A-45E5-474E-9C67-8AF46F4B7EEC}.Debug|x64.ActiveCfg = Debug|x64
		{1F54331A-45E5-474E-9C67-8AF46F4B7EEC}.Debug|x64.Build.0 = Debug|x64
		{1F54331A-45E5-474E-9C67-8AF46F4B7EEC}.Debug|x86.ActiveCfg = Debug|Win32
		{1F54331A-45E5-474E-9C67-8AF46F4B7EEC}.Debug|x86.Build.0 = Debug|Win32
		{1F54331A-45E5-474E-9C67-8AF46F4B7EEC}.Release|x64.ActiveCfg = Release|x64
		{1F54331A-45E5-474E-9C67-8AF46F4B7EEC}.Release|x64.Build.0 = Release|x64
		{1F54331A-45E5-474E-9C67-8AF46F4B7EEC}.Release|x86.ActiveCfg = Release|Win32
		{1F54331A-45E5-474E-9C67-8AF46F4B7EEC}.Release|x86.Build.0 = Release|Win32
		{CC8E2902-6A42-45E2-ADC5-63F4390ACAD2}.Debug|x64.ActiveCfg = Debug|x64
		{CC8E2902-6A42-45E2-ADC5-63F4390ACAD2}.Debug|x64.Build.0 = Debug|x64
		{CC8E2902-6A42-45E2-ADC5-63F4390ACAD2}.Debug|x86.ActiveCfg = Debug|Win32
		{CC8E2902-6A42-45E2-ADC5-63F4390ACAD2}.Debug|x86.Build.0 = Debug|Win32
		{CC8E2902-6A42-45E2-ADC5-63F4390ACAD2}.Release|x64.ActiveCfg = Release|x64
		{CC8E2902-6A42-45E2-ADC5-63F4390ACAD2}.Release|x64.Build.0 = Release|x64
		{CC8E2902-6A42-45E2-ADC5-63F4390ACAD2}.Release|x86.ActiveCfg = Release|Win32
		{CC8E2902-6A42-45E2-ADC5-63F4390ACAD2}.Release|x86.Build.0 = Release|Win32
	EndGlobalSection
	GlobalSection(SolutionProperties) = preSolution
		HideSolutionNode = FALSE
	EndGlobalSection
	GlobalSection(ExtensibilityGlobals) = postSolution
		SolutionGuid = {F557102E-5457-4262-BB7F-D5E4EF564B3F}
	EndGlobalSection
EndGlobal
